// !$*UTF8*$!
{
	archiveVersion = 1;
	classes = {
	};
	objectVersion = 50;
	objects = {

/* Begin PBXBuildFile section */
		9054369F25BCAFC100057930 /* AppDelegate.swift in Sources */ = {isa = PBXBuildFile; fileRef = 9054369E25BCAFC100057930 /* AppDelegate.swift */; };
		905436A125BCAFC100057930 /* SceneDelegate.swift in Sources */ = {isa = PBXBuildFile; fileRef = 905436A025BCAFC100057930 /* SceneDelegate.swift */; };
		905436A325BCAFC100057930 /* EmployeesCollectionViewController.swift in Sources */ = {isa = PBXBuildFile; fileRef = 905436A225BCAFC100057930 /* EmployeesCollectionViewController.swift */; };
		905436A625BCAFC100057930 /* Main.storyboard in Resources */ = {isa = PBXBuildFile; fileRef = 905436A425BCAFC100057930 /* Main.storyboard */; };
		905436A825BCAFC300057930 /* Assets.xcassets in Resources */ = {isa = PBXBuildFile; fileRef = 905436A725BCAFC300057930 /* Assets.xcassets */; };
		905436AB25BCAFC300057930 /* LaunchScreen.storyboard in Resources */ = {isa = PBXBuildFile; fileRef = 905436A925BCAFC300057930 /* LaunchScreen.storyboard */; };
		905436B625BCAFC300057930 /* SquareEmployeeInformationTests.swift in Sources */ = {isa = PBXBuildFile; fileRef = 905436B525BCAFC300057930 /* SquareEmployeeInformationTests.swift */; };
		905436C125BCAFC300057930 /* SquareEmployeeInformationUITests.swift in Sources */ = {isa = PBXBuildFile; fileRef = 905436C025BCAFC300057930 /* SquareEmployeeInformationUITests.swift */; };
		905436DB25BCB0E300057930 /* NetworkingProtocols.swift in Sources */ = {isa = PBXBuildFile; fileRef = 905436DA25BCB0E300057930 /* NetworkingProtocols.swift */; };
		905436E425BCB2D700057930 /* NetworkManager.swift in Sources */ = {isa = PBXBuildFile; fileRef = 905436E325BCB2D700057930 /* NetworkManager.swift */; };
		905436E925BCB2FE00057930 /* Logging.swift in Sources */ = {isa = PBXBuildFile; fileRef = 905436E825BCB2FE00057930 /* Logging.swift */; };
		905436F225BCB38100057930 /* EmployeesNetworkManager.swift in Sources */ = {isa = PBXBuildFile; fileRef = 905436F125BCB38100057930 /* EmployeesNetworkManager.swift */; };
		905436F725BCB4A700057930 /* Employee.swift in Sources */ = {isa = PBXBuildFile; fileRef = 905436F625BCB4A700057930 /* Employee.swift */; };
		9054371425BCC99700057930 /* EmployeePresenter.swift in Sources */ = {isa = PBXBuildFile; fileRef = 9054371325BCC99700057930 /* EmployeePresenter.swift */; };
		9054371B25BCCBAC00057930 /* EmployeeCollectionViewCell.swift in Sources */ = {isa = PBXBuildFile; fileRef = 9054371A25BCCBAC00057930 /* EmployeeCollectionViewCell.swift */; };
		9054372425BCCBDC00057930 /* EmployeeCollectionViewCell.xib in Resources */ = {isa = PBXBuildFile; fileRef = 9054372325BCCBDC00057930 /* EmployeeCollectionViewCell.xib */; };
		9054372925BCD99D00057930 /* ImageManager.swift in Sources */ = {isa = PBXBuildFile; fileRef = 9054372825BCD99D00057930 /* ImageManager.swift */; };
		9054373B25BCEB7D00057930 /* EmployeeCollectionViewHeader.xib in Resources */ = {isa = PBXBuildFile; fileRef = 9054373A25BCEB7D00057930 /* EmployeeCollectionViewHeader.xib */; };
		9054374025BCEB9200057930 /* EmployeeCollectionViewHeader.swift in Sources */ = {isa = PBXBuildFile; fileRef = 9054373F25BCEB9200057930 /* EmployeeCollectionViewHeader.swift */; };
		9054375825BCF67400057930 /* EmployeeDetailViewController.swift in Sources */ = {isa = PBXBuildFile; fileRef = 9054375725BCF67400057930 /* EmployeeDetailViewController.swift */; };
		9054376D25BCF91E00057930 /* EmployeeDetailViewPresenter.swift in Sources */ = {isa = PBXBuildFile; fileRef = 9054376C25BCF91E00057930 /* EmployeeDetailViewPresenter.swift */; };
		9054377525BD036F00057930 /* String+Extension.swift in Sources */ = {isa = PBXBuildFile; fileRef = 9054377425BD036F00057930 /* String+Extension.swift */; };
		9054378125BD06A500057930 /* URLOpenableProtocols.swift in Sources */ = {isa = PBXBuildFile; fileRef = 9054378025BD06A500057930 /* URLOpenableProtocols.swift */; };
		9054379525BD104E00057930 /* EmployeeCollectionViewController+Extension.swift in Sources */ = {isa = PBXBuildFile; fileRef = 9054379425BD104E00057930 /* EmployeeCollectionViewController+Extension.swift */; };
		9054379A25BD11DE00057930 /* URLManager.swift in Sources */ = {isa = PBXBuildFile; fileRef = 9054379925BD11DE00057930 /* URLManager.swift */; };
		90ADC0B925BE38BB002B2500 /* EmployeePresenterTests.swift in Sources */ = {isa = PBXBuildFile; fileRef = 90ADC0B825BE38BB002B2500 /* EmployeePresenterTests.swift */; };
		90ADC0C125BE3A6E002B2500 /* EmployeePresenterMocks.swift in Sources */ = {isa = PBXBuildFile; fileRef = 90ADC0C025BE3A6E002B2500 /* EmployeePresenterMocks.swift */; };
		90ADC0CD25BE3CDF002B2500 /* SuccessfulEmployeesReturn.json in Resources */ = {isa = PBXBuildFile; fileRef = 90ADC0CC25BE3CDF002B2500 /* SuccessfulEmployeesReturn.json */; };
		90ADC0D225BE3F5D002B2500 /* MalformedData.json in Resources */ = {isa = PBXBuildFile; fileRef = 90ADC0D125BE3F5D002B2500 /* MalformedData.json */; };
		90ADC0E125BF3A81002B2500 /* Dequeueable.swift in Sources */ = {isa = PBXBuildFile; fileRef = 90ADC0E025BF3A81002B2500 /* Dequeueable.swift */; };
/* End PBXBuildFile section */

/* Begin PBXContainerItemProxy section */
		905436B225BCAFC300057930 /* PBXContainerItemProxy */ = {
			isa = PBXContainerItemProxy;
			containerPortal = 9054369325BCAFC100057930 /* Project object */;
			proxyType = 1;
			remoteGlobalIDString = 9054369A25BCAFC100057930;
			remoteInfo = SquareEmployeeInformation;
		};
		905436BD25BCAFC300057930 /* PBXContainerItemProxy */ = {
			isa = PBXContainerItemProxy;
			containerPortal = 9054369325BCAFC100057930 /* Project object */;
			proxyType = 1;
			remoteGlobalIDString = 9054369A25BCAFC100057930;
			remoteInfo = SquareEmployeeInformation;
		};
/* End PBXContainerItemProxy section */

/* Begin PBXFileReference section */
		9054369B25BCAFC100057930 /* SquareEmployeeInformation.app */ = {isa = PBXFileReference; explicitFileType = wrapper.application; includeInIndex = 0; path = SquareEmployeeInformation.app; sourceTree = BUILT_PRODUCTS_DIR; };
		9054369E25BCAFC100057930 /* AppDelegate.swift */ = {isa = PBXFileReference; lastKnownFileType = sourcecode.swift; path = AppDelegate.swift; sourceTree = "<group>"; };
		905436A025BCAFC100057930 /* SceneDelegate.swift */ = {isa = PBXFileReference; lastKnownFileType = sourcecode.swift; path = SceneDelegate.swift; sourceTree = "<group>"; };
		905436A225BCAFC100057930 /* EmployeesCollectionViewController.swift */ = {isa = PBXFileReference; lastKnownFileType = sourcecode.swift; path = EmployeesCollectionViewController.swift; sourceTree = "<group>"; };
		905436A525BCAFC100057930 /* Base */ = {isa = PBXFileReference; lastKnownFileType = file.storyboard; name = Base; path = Base.lproj/Main.storyboard; sourceTree = "<group>"; };
		905436A725BCAFC300057930 /* Assets.xcassets */ = {isa = PBXFileReference; lastKnownFileType = folder.assetcatalog; path = Assets.xcassets; sourceTree = "<group>"; };
		905436AA25BCAFC300057930 /* Base */ = {isa = PBXFileReference; lastKnownFileType = file.storyboard; name = Base; path = Base.lproj/LaunchScreen.storyboard; sourceTree = "<group>"; };
		905436AC25BCAFC300057930 /* Info.plist */ = {isa = PBXFileReference; lastKnownFileType = text.plist.xml; path = Info.plist; sourceTree = "<group>"; };
		905436B125BCAFC300057930 /* SquareEmployeeInformationTests.xctest */ = {isa = PBXFileReference; explicitFileType = wrapper.cfbundle; includeInIndex = 0; path = SquareEmployeeInformationTests.xctest; sourceTree = BUILT_PRODUCTS_DIR; };
		905436B525BCAFC300057930 /* SquareEmployeeInformationTests.swift */ = {isa = PBXFileReference; lastKnownFileType = sourcecode.swift; path = SquareEmployeeInformationTests.swift; sourceTree = "<group>"; };
		905436B725BCAFC300057930 /* Info.plist */ = {isa = PBXFileReference; lastKnownFileType = text.plist.xml; path = Info.plist; sourceTree = "<group>"; };
		905436BC25BCAFC300057930 /* SquareEmployeeInformationUITests.xctest */ = {isa = PBXFileReference; explicitFileType = wrapper.cfbundle; includeInIndex = 0; path = SquareEmployeeInformationUITests.xctest; sourceTree = BUILT_PRODUCTS_DIR; };
		905436C025BCAFC300057930 /* SquareEmployeeInformationUITests.swift */ = {isa = PBXFileReference; lastKnownFileType = sourcecode.swift; path = SquareEmployeeInformationUITests.swift; sourceTree = "<group>"; };
		905436C225BCAFC300057930 /* Info.plist */ = {isa = PBXFileReference; lastKnownFileType = text.plist.xml; path = Info.plist; sourceTree = "<group>"; };
		905436DA25BCB0E300057930 /* NetworkingProtocols.swift */ = {isa = PBXFileReference; lastKnownFileType = sourcecode.swift; path = NetworkingProtocols.swift; sourceTree = "<group>"; };
		905436E325BCB2D700057930 /* NetworkManager.swift */ = {isa = PBXFileReference; lastKnownFileType = sourcecode.swift; path = NetworkManager.swift; sourceTree = "<group>"; };
		905436E825BCB2FE00057930 /* Logging.swift */ = {isa = PBXFileReference; lastKnownFileType = sourcecode.swift; path = Logging.swift; sourceTree = "<group>"; };
		905436F125BCB38100057930 /* EmployeesNetworkManager.swift */ = {isa = PBXFileReference; lastKnownFileType = sourcecode.swift; path = EmployeesNetworkManager.swift; sourceTree = "<group>"; };
		905436F625BCB4A700057930 /* Employee.swift */ = {isa = PBXFileReference; lastKnownFileType = sourcecode.swift; path = Employee.swift; sourceTree = "<group>"; };
		9054371325BCC99700057930 /* EmployeePresenter.swift */ = {isa = PBXFileReference; lastKnownFileType = sourcecode.swift; path = EmployeePresenter.swift; sourceTree = "<group>"; };
		9054371A25BCCBAC00057930 /* EmployeeCollectionViewCell.swift */ = {isa = PBXFileReference; lastKnownFileType = sourcecode.swift; path = EmployeeCollectionViewCell.swift; sourceTree = "<group>"; };
		9054372325BCCBDC00057930 /* EmployeeCollectionViewCell.xib */ = {isa = PBXFileReference; lastKnownFileType = file.xib; path = EmployeeCollectionViewCell.xib; sourceTree = "<group>"; };
		9054372825BCD99D00057930 /* ImageManager.swift */ = {isa = PBXFileReference; lastKnownFileType = sourcecode.swift; path = ImageManager.swift; sourceTree = "<group>"; };
		9054373A25BCEB7D00057930 /* EmployeeCollectionViewHeader.xib */ = {isa = PBXFileReference; lastKnownFileType = file.xib; path = EmployeeCollectionViewHeader.xib; sourceTree = "<group>"; };
		9054373F25BCEB9200057930 /* EmployeeCollectionViewHeader.swift */ = {isa = PBXFileReference; lastKnownFileType = sourcecode.swift; path = EmployeeCollectionViewHeader.swift; sourceTree = "<group>"; };
		9054375725BCF67400057930 /* EmployeeDetailViewController.swift */ = {isa = PBXFileReference; lastKnownFileType = sourcecode.swift; path = EmployeeDetailViewController.swift; sourceTree = "<group>"; };
		9054376C25BCF91E00057930 /* EmployeeDetailViewPresenter.swift */ = {isa = PBXFileReference; lastKnownFileType = sourcecode.swift; path = EmployeeDetailViewPresenter.swift; sourceTree = "<group>"; };
		9054377425BD036F00057930 /* String+Extension.swift */ = {isa = PBXFileReference; lastKnownFileType = sourcecode.swift; path = "String+Extension.swift"; sourceTree = "<group>"; };
		9054378025BD06A500057930 /* URLOpenableProtocols.swift */ = {isa = PBXFileReference; lastKnownFileType = sourcecode.swift; path = URLOpenableProtocols.swift; sourceTree = "<group>"; };
		9054379425BD104E00057930 /* EmployeeCollectionViewController+Extension.swift */ = {isa = PBXFileReference; lastKnownFileType = sourcecode.swift; path = "EmployeeCollectionViewController+Extension.swift"; sourceTree = "<group>"; };
		9054379925BD11DE00057930 /* URLManager.swift */ = {isa = PBXFileReference; lastKnownFileType = sourcecode.swift; path = URLManager.swift; sourceTree = "<group>"; };
		90ADC0B825BE38BB002B2500 /* EmployeePresenterTests.swift */ = {isa = PBXFileReference; lastKnownFileType = sourcecode.swift; path = EmployeePresenterTests.swift; sourceTree = "<group>"; };
		90ADC0C025BE3A6E002B2500 /* EmployeePresenterMocks.swift */ = {isa = PBXFileReference; lastKnownFileType = sourcecode.swift; path = EmployeePresenterMocks.swift; sourceTree = "<group>"; };
		90ADC0CC25BE3CDF002B2500 /* SuccessfulEmployeesReturn.json */ = {isa = PBXFileReference; lastKnownFileType = text.json; path = SuccessfulEmployeesReturn.json; sourceTree = "<group>"; };
		90ADC0D125BE3F5D002B2500 /* MalformedData.json */ = {isa = PBXFileReference; lastKnownFileType = text.json; path = MalformedData.json; sourceTree = "<group>"; };
		90ADC0E025BF3A81002B2500 /* Dequeueable.swift */ = {isa = PBXFileReference; lastKnownFileType = sourcecode.swift; path = Dequeueable.swift; sourceTree = "<group>"; };
/* End PBXFileReference section */

/* Begin PBXFrameworksBuildPhase section */
		9054369825BCAFC100057930 /* Frameworks */ = {
			isa = PBXFrameworksBuildPhase;
			buildActionMask = 2147483647;
			files = (
			);
			runOnlyForDeploymentPostprocessing = 0;
		};
		905436AE25BCAFC300057930 /* Frameworks */ = {
			isa = PBXFrameworksBuildPhase;
			buildActionMask = 2147483647;
			files = (
			);
			runOnlyForDeploymentPostprocessing = 0;
		};
		905436B925BCAFC300057930 /* Frameworks */ = {
			isa = PBXFrameworksBuildPhase;
			buildActionMask = 2147483647;
			files = (
			);
			runOnlyForDeploymentPostprocessing = 0;
		};
/* End PBXFrameworksBuildPhase section */

/* Begin PBXGroup section */
		9054369225BCAFC100057930 = {
			isa = PBXGroup;
			children = (
				9054369D25BCAFC100057930 /* SquareEmployeeInformation */,
				905436B425BCAFC300057930 /* SquareEmployeeInformationTests */,
				905436BF25BCAFC300057930 /* SquareEmployeeInformationUITests */,
				9054369C25BCAFC100057930 /* Products */,
			);
			sourceTree = "<group>";
		};
		9054369C25BCAFC100057930 /* Products */ = {
			isa = PBXGroup;
			children = (
				9054369B25BCAFC100057930 /* SquareEmployeeInformation.app */,
				905436B125BCAFC300057930 /* SquareEmployeeInformationTests.xctest */,
				905436BC25BCAFC300057930 /* SquareEmployeeInformationUITests.xctest */,
			);
			name = Products;
			sourceTree = "<group>";
		};
		9054369D25BCAFC100057930 /* SquareEmployeeInformation */ = {
			isa = PBXGroup;
			children = (
				9054370B25BCC8F600057930 /* Views+ViewControllers */,
				905436FE25BCB4AE00057930 /* Models */,
				905436DF25BCB29100057930 /* Networking */,
				905436D325BCB07A00057930 /* Resources */,
			);
			path = SquareEmployeeInformation;
			sourceTree = "<group>";
		};
		905436B425BCAFC300057930 /* SquareEmployeeInformationTests */ = {
			isa = PBXGroup;
			children = (
				905436B525BCAFC300057930 /* SquareEmployeeInformationTests.swift */,
				90ADC0C525BE3CA1002B2500 /* EmployeePresenterTests */,
				905436B725BCAFC300057930 /* Info.plist */,
			);
			path = SquareEmployeeInformationTests;
			sourceTree = "<group>";
		};
		905436BF25BCAFC300057930 /* SquareEmployeeInformationUITests */ = {
			isa = PBXGroup;
			children = (
				905436C025BCAFC300057930 /* SquareEmployeeInformationUITests.swift */,
				905436C225BCAFC300057930 /* Info.plist */,
			);
			path = SquareEmployeeInformationUITests;
			sourceTree = "<group>";
		};
		905436D325BCB07A00057930 /* Resources */ = {
			isa = PBXGroup;
			children = (
				9054377C25BD037A00057930 /* Helpers */,
				905436ED25BCB30300057930 /* Logging */,
				9054369E25BCAFC100057930 /* AppDelegate.swift */,
				905436A025BCAFC100057930 /* SceneDelegate.swift */,
				905436A425BCAFC100057930 /* Main.storyboard */,
				905436A725BCAFC300057930 /* Assets.xcassets */,
				905436A925BCAFC300057930 /* LaunchScreen.storyboard */,
				905436AC25BCAFC300057930 /* Info.plist */,
			);
			path = Resources;
			sourceTree = "<group>";
		};
		905436DF25BCB29100057930 /* Networking */ = {
			isa = PBXGroup;
			children = (
				905436DA25BCB0E300057930 /* NetworkingProtocols.swift */,
				905436E325BCB2D700057930 /* NetworkManager.swift */,
				905436F125BCB38100057930 /* EmployeesNetworkManager.swift */,
				9054372825BCD99D00057930 /* ImageManager.swift */,
			);
			path = Networking;
			sourceTree = "<group>";
		};
		905436ED25BCB30300057930 /* Logging */ = {
			isa = PBXGroup;
			children = (
				905436E825BCB2FE00057930 /* Logging.swift */,
			);
			path = Logging;
			sourceTree = "<group>";
		};
		905436FE25BCB4AE00057930 /* Models */ = {
			isa = PBXGroup;
			children = (
				905436F625BCB4A700057930 /* Employee.swift */,
			);
			path = Models;
			sourceTree = "<group>";
		};
		9054370B25BCC8F600057930 /* Views+ViewControllers */ = {
			isa = PBXGroup;
			children = (
				9054376825BCF86300057930 /* EmployeeDetailViewController */,
				9054370F25BCC96600057930 /* EmployeesCollectionViewController */,
				9054371F25BCCBB900057930 /* Views */,
			);
			path = "Views+ViewControllers";
			sourceTree = "<group>";
		};
		9054370F25BCC96600057930 /* EmployeesCollectionViewController */ = {
			isa = PBXGroup;
			children = (
				905436A225BCAFC100057930 /* EmployeesCollectionViewController.swift */,
				9054371325BCC99700057930 /* EmployeePresenter.swift */,
			);
			path = EmployeesCollectionViewController;
			sourceTree = "<group>";
		};
		9054371F25BCCBB900057930 /* Views */ = {
			isa = PBXGroup;
			children = (
				9054373625BCEB6800057930 /* EmployeeCell */,
				9054374725BCEBA000057930 /* Header */,
			);
			path = Views;
			sourceTree = "<group>";
		};
		9054373625BCEB6800057930 /* EmployeeCell */ = {
			isa = PBXGroup;
			children = (
				9054371A25BCCBAC00057930 /* EmployeeCollectionViewCell.swift */,
				9054372325BCCBDC00057930 /* EmployeeCollectionViewCell.xib */,
			);
			path = EmployeeCell;
			sourceTree = "<group>";
		};
		9054374725BCEBA000057930 /* Header */ = {
			isa = PBXGroup;
			children = (
				9054373F25BCEB9200057930 /* EmployeeCollectionViewHeader.swift */,
				9054373A25BCEB7D00057930 /* EmployeeCollectionViewHeader.xib */,
			);
			path = Header;
			sourceTree = "<group>";
		};
		9054376825BCF86300057930 /* EmployeeDetailViewController */ = {
			isa = PBXGroup;
			children = (
				9054375725BCF67400057930 /* EmployeeDetailViewController.swift */,
				9054376C25BCF91E00057930 /* EmployeeDetailViewPresenter.swift */,
			);
			path = EmployeeDetailViewController;
			sourceTree = "<group>";
		};
		9054377C25BD037A00057930 /* Helpers */ = {
			isa = PBXGroup;
			children = (
				9054377425BD036F00057930 /* String+Extension.swift */,
				90ADC0E025BF3A81002B2500 /* Dequeueable.swift */,
				9054379925BD11DE00057930 /* URLManager.swift */,
				9054379425BD104E00057930 /* EmployeeCollectionViewController+Extension.swift */,
				9054378025BD06A500057930 /* URLOpenableProtocols.swift */,
			);
			path = Helpers;
			sourceTree = "<group>";
		};
		90ADC0C525BE3CA1002B2500 /* EmployeePresenterTests */ = {
			isa = PBXGroup;
			children = (
				90ADC0B825BE38BB002B2500 /* EmployeePresenterTests.swift */,
				90ADC0C025BE3A6E002B2500 /* EmployeePresenterMocks.swift */,
				90ADC0CC25BE3CDF002B2500 /* SuccessfulEmployeesReturn.json */,
				90ADC0D125BE3F5D002B2500 /* MalformedData.json */,
			);
			path = EmployeePresenterTests;
			sourceTree = "<group>";
		};
/* End PBXGroup section */

/* Begin PBXNativeTarget section */
		9054369A25BCAFC100057930 /* SquareEmployeeInformation */ = {
			isa = PBXNativeTarget;
			buildConfigurationList = 905436C525BCAFC300057930 /* Build configuration list for PBXNativeTarget "SquareEmployeeInformation" */;
			buildPhases = (
				9054369725BCAFC100057930 /* Sources */,
				9054369825BCAFC100057930 /* Frameworks */,
				9054369925BCAFC100057930 /* Resources */,
			);
			buildRules = (
			);
			dependencies = (
			);
			name = SquareEmployeeInformation;
			productName = SquareEmployeeInformation;
			productReference = 9054369B25BCAFC100057930 /* SquareEmployeeInformation.app */;
			productType = "com.apple.product-type.application";
		};
		905436B025BCAFC300057930 /* SquareEmployeeInformationTests */ = {
			isa = PBXNativeTarget;
			buildConfigurationList = 905436C825BCAFC300057930 /* Build configuration list for PBXNativeTarget "SquareEmployeeInformationTests" */;
			buildPhases = (
				905436AD25BCAFC300057930 /* Sources */,
				905436AE25BCAFC300057930 /* Frameworks */,
				905436AF25BCAFC300057930 /* Resources */,
			);
			buildRules = (
			);
			dependencies = (
				905436B325BCAFC300057930 /* PBXTargetDependency */,
			);
			name = SquareEmployeeInformationTests;
			productName = SquareEmployeeInformationTests;
			productReference = 905436B125BCAFC300057930 /* SquareEmployeeInformationTests.xctest */;
			productType = "com.apple.product-type.bundle.unit-test";
		};
		905436BB25BCAFC300057930 /* SquareEmployeeInformationUITests */ = {
			isa = PBXNativeTarget;
			buildConfigurationList = 905436CB25BCAFC300057930 /* Build configuration list for PBXNativeTarget "SquareEmployeeInformationUITests" */;
			buildPhases = (
				905436B825BCAFC300057930 /* Sources */,
				905436B925BCAFC300057930 /* Frameworks */,
				905436BA25BCAFC300057930 /* Resources */,
			);
			buildRules = (
			);
			dependencies = (
				905436BE25BCAFC300057930 /* PBXTargetDependency */,
			);
			name = SquareEmployeeInformationUITests;
			productName = SquareEmployeeInformationUITests;
			productReference = 905436BC25BCAFC300057930 /* SquareEmployeeInformationUITests.xctest */;
			productType = "com.apple.product-type.bundle.ui-testing";
		};
/* End PBXNativeTarget section */

/* Begin PBXProject section */
		9054369325BCAFC100057930 /* Project object */ = {
			isa = PBXProject;
			attributes = {
				LastSwiftUpdateCheck = 1210;
				LastUpgradeCheck = 1210;
				TargetAttributes = {
					9054369A25BCAFC100057930 = {
						CreatedOnToolsVersion = 12.1;
					};
					905436B025BCAFC300057930 = {
						CreatedOnToolsVersion = 12.1;
						TestTargetID = 9054369A25BCAFC100057930;
					};
					905436BB25BCAFC300057930 = {
						CreatedOnToolsVersion = 12.1;
						TestTargetID = 9054369A25BCAFC100057930;
					};
				};
			};
			buildConfigurationList = 9054369625BCAFC100057930 /* Build configuration list for PBXProject "SquareEmployeeInformation" */;
			compatibilityVersion = "Xcode 9.3";
			developmentRegion = en;
			hasScannedForEncodings = 0;
			knownRegions = (
				en,
				Base,
			);
			mainGroup = 9054369225BCAFC100057930;
			productRefGroup = 9054369C25BCAFC100057930 /* Products */;
			projectDirPath = "";
			projectRoot = "";
			targets = (
				9054369A25BCAFC100057930 /* SquareEmployeeInformation */,
				905436B025BCAFC300057930 /* SquareEmployeeInformationTests */,
				905436BB25BCAFC300057930 /* SquareEmployeeInformationUITests */,
			);
		};
/* End PBXProject section */

/* Begin PBXResourcesBuildPhase section */
		9054369925BCAFC100057930 /* Resources */ = {
			isa = PBXResourcesBuildPhase;
			buildActionMask = 2147483647;
			files = (
				905436AB25BCAFC300057930 /* LaunchScreen.storyboard in Resources */,
				905436A825BCAFC300057930 /* Assets.xcassets in Resources */,
				9054372425BCCBDC00057930 /* EmployeeCollectionViewCell.xib in Resources */,
				9054373B25BCEB7D00057930 /* EmployeeCollectionViewHeader.xib in Resources */,
				905436A625BCAFC100057930 /* Main.storyboard in Resources */,
			);
			runOnlyForDeploymentPostprocessing = 0;
		};
		905436AF25BCAFC300057930 /* Resources */ = {
			isa = PBXResourcesBuildPhase;
			buildActionMask = 2147483647;
			files = (
				90ADC0CD25BE3CDF002B2500 /* SuccessfulEmployeesReturn.json in Resources */,
				90ADC0D225BE3F5D002B2500 /* MalformedData.json in Resources */,
			);
			runOnlyForDeploymentPostprocessing = 0;
		};
		905436BA25BCAFC300057930 /* Resources */ = {
			isa = PBXResourcesBuildPhase;
			buildActionMask = 2147483647;
			files = (
			);
			runOnlyForDeploymentPostprocessing = 0;
		};
/* End PBXResourcesBuildPhase section */

/* Begin PBXSourcesBuildPhase section */
		9054369725BCAFC100057930 /* Sources */ = {
			isa = PBXSourcesBuildPhase;
			buildActionMask = 2147483647;
			files = (
				9054377525BD036F00057930 /* String+Extension.swift in Sources */,
				9054376D25BCF91E00057930 /* EmployeeDetailViewPresenter.swift in Sources */,
				9054371B25BCCBAC00057930 /* EmployeeCollectionViewCell.swift in Sources */,
				905436A325BCAFC100057930 /* EmployeesCollectionViewController.swift in Sources */,
				905436F725BCB4A700057930 /* Employee.swift in Sources */,
				905436E925BCB2FE00057930 /* Logging.swift in Sources */,
				9054375825BCF67400057930 /* EmployeeDetailViewController.swift in Sources */,
				9054371425BCC99700057930 /* EmployeePresenter.swift in Sources */,
				905436DB25BCB0E300057930 /* NetworkingProtocols.swift in Sources */,
				9054378125BD06A500057930 /* URLOpenableProtocols.swift in Sources */,
				9054379525BD104E00057930 /* EmployeeCollectionViewController+Extension.swift in Sources */,
				9054379A25BD11DE00057930 /* URLManager.swift in Sources */,
				905436E425BCB2D700057930 /* NetworkManager.swift in Sources */,
				905436F225BCB38100057930 /* EmployeesNetworkManager.swift in Sources */,
				9054369F25BCAFC100057930 /* AppDelegate.swift in Sources */,
				90ADC0E125BF3A81002B2500 /* Dequeueable.swift in Sources */,
				9054374025BCEB9200057930 /* EmployeeCollectionViewHeader.swift in Sources */,
				9054372925BCD99D00057930 /* ImageManager.swift in Sources */,
				905436A125BCAFC100057930 /* SceneDelegate.swift in Sources */,
			);
			runOnlyForDeploymentPostprocessing = 0;
		};
		905436AD25BCAFC300057930 /* Sources */ = {
			isa = PBXSourcesBuildPhase;
			buildActionMask = 2147483647;
			files = (
				905436B625BCAFC300057930 /* SquareEmployeeInformationTests.swift in Sources */,
				90ADC0C125BE3A6E002B2500 /* EmployeePresenterMocks.swift in Sources */,
				90ADC0B925BE38BB002B2500 /* EmployeePresenterTests.swift in Sources */,
			);
			runOnlyForDeploymentPostprocessing = 0;
		};
		905436B825BCAFC300057930 /* Sources */ = {
			isa = PBXSourcesBuildPhase;
			buildActionMask = 2147483647;
			files = (
				905436C125BCAFC300057930 /* SquareEmployeeInformationUITests.swift in Sources */,
			);
			runOnlyForDeploymentPostprocessing = 0;
		};
/* End PBXSourcesBuildPhase section */

/* Begin PBXTargetDependency section */
		905436B325BCAFC300057930 /* PBXTargetDependency */ = {
			isa = PBXTargetDependency;
			target = 9054369A25BCAFC100057930 /* SquareEmployeeInformation */;
			targetProxy = 905436B225BCAFC300057930 /* PBXContainerItemProxy */;
		};
		905436BE25BCAFC300057930 /* PBXTargetDependency */ = {
			isa = PBXTargetDependency;
			target = 9054369A25BCAFC100057930 /* SquareEmployeeInformation */;
			targetProxy = 905436BD25BCAFC300057930 /* PBXContainerItemProxy */;
		};
/* End PBXTargetDependency section */

/* Begin PBXVariantGroup section */
		905436A425BCAFC100057930 /* Main.storyboard */ = {
			isa = PBXVariantGroup;
			children = (
				905436A525BCAFC100057930 /* Base */,
			);
			name = Main.storyboard;
			sourceTree = "<group>";
		};
		905436A925BCAFC300057930 /* LaunchScreen.storyboard */ = {
			isa = PBXVariantGroup;
			children = (
				905436AA25BCAFC300057930 /* Base */,
			);
			name = LaunchScreen.storyboard;
			sourceTree = "<group>";
		};
/* End PBXVariantGroup section */

/* Begin XCBuildConfiguration section */
		905436C325BCAFC300057930 /* Debug */ = {
			isa = XCBuildConfiguration;
			buildSettings = {
				ALWAYS_SEARCH_USER_PATHS = NO;
				CLANG_ANALYZER_NONNULL = YES;
				CLANG_ANALYZER_NUMBER_OBJECT_CONVERSION = YES_AGGRESSIVE;
				CLANG_CXX_LANGUAGE_STANDARD = "gnu++14";
				CLANG_CXX_LIBRARY = "libc++";
				CLANG_ENABLE_MODULES = YES;
				CLANG_ENABLE_OBJC_ARC = YES;
				CLANG_ENABLE_OBJC_WEAK = YES;
				CLANG_WARN_BLOCK_CAPTURE_AUTORELEASING = YES;
				CLANG_WARN_BOOL_CONVERSION = YES;
				CLANG_WARN_COMMA = YES;
				CLANG_WARN_CONSTANT_CONVERSION = YES;
				CLANG_WARN_DEPRECATED_OBJC_IMPLEMENTATIONS = YES;
				CLANG_WARN_DIRECT_OBJC_ISA_USAGE = YES_ERROR;
				CLANG_WARN_DOCUMENTATION_COMMENTS = YES;
				CLANG_WARN_EMPTY_BODY = YES;
				CLANG_WARN_ENUM_CONVERSION = YES;
				CLANG_WARN_INFINITE_RECURSION = YES;
				CLANG_WARN_INT_CONVERSION = YES;
				CLANG_WARN_NON_LITERAL_NULL_CONVERSION = YES;
				CLANG_WARN_OBJC_IMPLICIT_RETAIN_SELF = YES;
				CLANG_WARN_OBJC_LITERAL_CONVERSION = YES;
				CLANG_WARN_OBJC_ROOT_CLASS = YES_ERROR;
				CLANG_WARN_QUOTED_INCLUDE_IN_FRAMEWORK_HEADER = YES;
				CLANG_WARN_RANGE_LOOP_ANALYSIS = YES;
				CLANG_WARN_STRICT_PROTOTYPES = YES;
				CLANG_WARN_SUSPICIOUS_MOVE = YES;
				CLANG_WARN_UNGUARDED_AVAILABILITY = YES_AGGRESSIVE;
				CLANG_WARN_UNREACHABLE_CODE = YES;
				CLANG_WARN__DUPLICATE_METHOD_MATCH = YES;
				COPY_PHASE_STRIP = NO;
				DEBUG_INFORMATION_FORMAT = dwarf;
				ENABLE_STRICT_OBJC_MSGSEND = YES;
				ENABLE_TESTABILITY = YES;
				GCC_C_LANGUAGE_STANDARD = gnu11;
				GCC_DYNAMIC_NO_PIC = NO;
				GCC_NO_COMMON_BLOCKS = YES;
				GCC_OPTIMIZATION_LEVEL = 0;
				GCC_PREPROCESSOR_DEFINITIONS = (
					"DEBUG=1",
					"$(inherited)",
				);
				GCC_WARN_64_TO_32_BIT_CONVERSION = YES;
				GCC_WARN_ABOUT_RETURN_TYPE = YES_ERROR;
				GCC_WARN_UNDECLARED_SELECTOR = YES;
				GCC_WARN_UNINITIALIZED_AUTOS = YES_AGGRESSIVE;
				GCC_WARN_UNUSED_FUNCTION = YES;
				GCC_WARN_UNUSED_VARIABLE = YES;
				IPHONEOS_DEPLOYMENT_TARGET = 14.1;
				MTL_ENABLE_DEBUG_INFO = INCLUDE_SOURCE;
				MTL_FAST_MATH = YES;
				ONLY_ACTIVE_ARCH = YES;
				SDKROOT = iphoneos;
				SWIFT_ACTIVE_COMPILATION_CONDITIONS = DEBUG;
				SWIFT_OPTIMIZATION_LEVEL = "-Onone";
			};
			name = Debug;
		};
		905436C425BCAFC300057930 /* Release */ = {
			isa = XCBuildConfiguration;
			buildSettings = {
				ALWAYS_SEARCH_USER_PATHS = NO;
				CLANG_ANALYZER_NONNULL = YES;
				CLANG_ANALYZER_NUMBER_OBJECT_CONVERSION = YES_AGGRESSIVE;
				CLANG_CXX_LANGUAGE_STANDARD = "gnu++14";
				CLANG_CXX_LIBRARY = "libc++";
				CLANG_ENABLE_MODULES = YES;
				CLANG_ENABLE_OBJC_ARC = YES;
				CLANG_ENABLE_OBJC_WEAK = YES;
				CLANG_WARN_BLOCK_CAPTURE_AUTORELEASING = YES;
				CLANG_WARN_BOOL_CONVERSION = YES;
				CLANG_WARN_COMMA = YES;
				CLANG_WARN_CONSTANT_CONVERSION = YES;
				CLANG_WARN_DEPRECATED_OBJC_IMPLEMENTATIONS = YES;
				CLANG_WARN_DIRECT_OBJC_ISA_USAGE = YES_ERROR;
				CLANG_WARN_DOCUMENTATION_COMMENTS = YES;
				CLANG_WARN_EMPTY_BODY = YES;
				CLANG_WARN_ENUM_CONVERSION = YES;
				CLANG_WARN_INFINITE_RECURSION = YES;
				CLANG_WARN_INT_CONVERSION = YES;
				CLANG_WARN_NON_LITERAL_NULL_CONVERSION = YES;
				CLANG_WARN_OBJC_IMPLICIT_RETAIN_SELF = YES;
				CLANG_WARN_OBJC_LITERAL_CONVERSION = YES;
				CLANG_WARN_OBJC_ROOT_CLASS = YES_ERROR;
				CLANG_WARN_QUOTED_INCLUDE_IN_FRAMEWORK_HEADER = YES;
				CLANG_WARN_RANGE_LOOP_ANALYSIS = YES;
				CLANG_WARN_STRICT_PROTOTYPES = YES;
				CLANG_WARN_SUSPICIOUS_MOVE = YES;
				CLANG_WARN_UNGUARDED_AVAILABILITY = YES_AGGRESSIVE;
				CLANG_WARN_UNREACHABLE_CODE = YES;
				CLANG_WARN__DUPLICATE_METHOD_MATCH = YES;
				COPY_PHASE_STRIP = NO;
				DEBUG_INFORMATION_FORMAT = "dwarf-with-dsym";
				ENABLE_NS_ASSERTIONS = NO;
				ENABLE_STRICT_OBJC_MSGSEND = YES;
				GCC_C_LANGUAGE_STANDARD = gnu11;
				GCC_NO_COMMON_BLOCKS = YES;
				GCC_WARN_64_TO_32_BIT_CONVERSION = YES;
				GCC_WARN_ABOUT_RETURN_TYPE = YES_ERROR;
				GCC_WARN_UNDECLARED_SELECTOR = YES;
				GCC_WARN_UNINITIALIZED_AUTOS = YES_AGGRESSIVE;
				GCC_WARN_UNUSED_FUNCTION = YES;
				GCC_WARN_UNUSED_VARIABLE = YES;
				IPHONEOS_DEPLOYMENT_TARGET = 14.1;
				MTL_ENABLE_DEBUG_INFO = NO;
				MTL_FAST_MATH = YES;
				SDKROOT = iphoneos;
				SWIFT_COMPILATION_MODE = wholemodule;
				SWIFT_OPTIMIZATION_LEVEL = "-O";
				VALIDATE_PRODUCT = YES;
			};
			name = Release;
		};
		905436C625BCAFC300057930 /* Debug */ = {
			isa = XCBuildConfiguration;
			buildSettings = {
				ASSETCATALOG_COMPILER_APPICON_NAME = AppIcon;
				ASSETCATALOG_COMPILER_GLOBAL_ACCENT_COLOR_NAME = AccentColor;
				CODE_SIGN_STYLE = Automatic;
				DEVELOPMENT_TEAM = "";
				INFOPLIST_FILE = SquareEmployeeInformation/Resources/Info.plist;
				LD_RUNPATH_SEARCH_PATHS = (
					"$(inherited)",
					"@executable_path/Frameworks",
				);
				PRODUCT_BUNDLE_IDENTIFIER = com.jaydengarrick.SquareEmployeeInformation;
				PRODUCT_NAME = "$(TARGET_NAME)";
				SWIFT_VERSION = 5.0;
				TARGETED_DEVICE_FAMILY = "1,2";
			};
			name = Debug;
		};
		905436C725BCAFC300057930 /* Release */ = {
			isa = XCBuildConfiguration;
			buildSettings = {
				ASSETCATALOG_COMPILER_APPICON_NAME = AppIcon;
				ASSETCATALOG_COMPILER_GLOBAL_ACCENT_COLOR_NAME = AccentColor;
				CODE_SIGN_STYLE = Automatic;
				DEVELOPMENT_TEAM = "";
				INFOPLIST_FILE = SquareEmployeeInformation/Resources/Info.plist;
				LD_RUNPATH_SEARCH_PATHS = (
					"$(inherited)",
					"@executable_path/Frameworks",
				);
				PRODUCT_BUNDLE_IDENTIFIER = com.jaydengarrick.SquareEmployeeInformation;
				PRODUCT_NAME = "$(TARGET_NAME)";
				SWIFT_VERSION = 5.0;
				TARGETED_DEVICE_FAMILY = "1,2";
			};
			name = Release;
		};
		905436C925BCAFC300057930 /* Debug */ = {
			isa = XCBuildConfiguration;
			buildSettings = {
				ALWAYS_EMBED_SWIFT_STANDARD_LIBRARIES = YES;
				BUNDLE_LOADER = "$(TEST_HOST)";
				CODE_SIGN_STYLE = Automatic;
				INFOPLIST_FILE = SquareEmployeeInformationTests/Info.plist;
				IPHONEOS_DEPLOYMENT_TARGET = 14.1;
				LD_RUNPATH_SEARCH_PATHS = (
					"$(inherited)",
					"@executable_path/Frameworks",
					"@loader_path/Frameworks",
				);
				PRODUCT_BUNDLE_IDENTIFIER = com.jaydengarrick.SquareEmployeeInformationTests;
				PRODUCT_NAME = "$(TARGET_NAME)";
				SWIFT_VERSION = 5.0;
				TARGETED_DEVICE_FAMILY = "1,2";
				TEST_HOST = "$(BUILT_PRODUCTS_DIR)/SquareEmployeeInformation.app/SquareEmployeeInformation";
			};
			name = Debug;
		};
		905436CA25BCAFC300057930 /* Release */ = {
			isa = XCBuildConfiguration;
			buildSettings = {
				ALWAYS_EMBED_SWIFT_STANDARD_LIBRARIES = YES;
				BUNDLE_LOADER = "$(TEST_HOST)";
				CODE_SIGN_STYLE = Automatic;
				INFOPLIST_FILE = SquareEmployeeInformationTests/Info.plist;
				IPHONEOS_DEPLOYMENT_TARGET = 14.1;
				LD_RUNPATH_SEARCH_PATHS = (
					"$(inherited)",
					"@executable_path/Frameworks",
					"@loader_path/Frameworks",
				);
				PRODUCT_BUNDLE_IDENTIFIER = com.jaydengarrick.SquareEmployeeInformationTests;
				PRODUCT_NAME = "$(TARGET_NAME)";
				SWIFT_VERSION = 5.0;
				TARGETED_DEVICE_FAMILY = "1,2";
				TEST_HOST = "$(BUILT_PRODUCTS_DIR)/SquareEmployeeInformation.app/SquareEmployeeInformation";
			};
			name = Release;
		};
		905436CC25BCAFC300057930 /* Debug */ = {
			isa = XCBuildConfiguration;
			buildSettings = {
				ALWAYS_EMBED_SWIFT_STANDARD_LIBRARIES = YES;
				CODE_SIGN_STYLE = Automatic;
				INFOPLIST_FILE = SquareEmployeeInformationUITests/Info.plist;
				LD_RUNPATH_SEARCH_PATHS = (
					"$(inherited)",
					"@executable_path/Frameworks",
					"@loader_path/Frameworks",
				);
				PRODUCT_BUNDLE_IDENTIFIER = com.jaydengarrick.SquareEmployeeInformationUITests;
				PRODUCT_NAME = "$(TARGET_NAME)";
				SWIFT_VERSION = 5.0;
				TARGETED_DEVICE_FAMILY = "1,2";
				TEST_TARGET_NAME = SquareEmployeeInformation;
			};
			name = Debug;
		};
		905436CD25BCAFC300057930 /* Release */ = {
			isa = XCBuildConfiguration;
			buildSettings = {
				ALWAYS_EMBED_SWIFT_STANDARD_LIBRARIES = YES;
				CODE_SIGN_STYLE = Automatic;
				INFOPLIST_FILE = SquareEmployeeInformationUITests/Info.plist;
				LD_RUNPATH_SEARCH_PATHS = (
					"$(inherited)",
					"@executable_path/Frameworks",
					"@loader_path/Frameworks",
				);
				PRODUCT_BUNDLE_IDENTIFIER = com.jaydengarrick.SquareEmployeeInformationUITests;
				PRODUCT_NAME = "$(TARGET_NAME)";
				SWIFT_VERSION = 5.0;
				TARGETED_DEVICE_FAMILY = "1,2";
				TEST_TARGET_NAME = SquareEmployeeInformation;
			};
			name = Release;
		};
/* End XCBuildConfiguration section */

/* Begin XCConfigurationList section */
		9054369625BCAFC100057930 /* Build configuration list for PBXProject "SquareEmployeeInformation" */ = {
			isa = XCConfigurationList;
			buildConfigurations = (
				905436C325BCAFC300057930 /* Debug */,
				905436C425BCAFC300057930 /* Release */,
			);
			defaultConfigurationIsVisible = 0;
			defaultConfigurationName = Release;
		};
		905436C525BCAFC300057930 /* Build configuration list for PBXNativeTarget "SquareEmployeeInformation" */ = {
			isa = XCConfigurationList;
			buildConfigurations = (
				905436C625BCAFC300057930 /* Debug */,
				905436C725BCAFC300057930 /* Release */,
			);
			defaultConfigurationIsVisible = 0;
			defaultConfigurationName = Release;
		};
		905436C825BCAFC300057930 /* Build configuration list for PBXNativeTarget "SquareEmployeeInformationTests" */ = {
			isa = XCConfigurationList;
			buildConfigurations = (
				905436C925BCAFC300057930 /* Debug */,
				905436CA25BCAFC300057930 /* Release */,
			);
			defaultConfigurationIsVisible = 0;
			defaultConfigurationName = Release;
		};
		905436CB25BCAFC300057930 /* Build configuration list for PBXNativeTarget "SquareEmployeeInformationUITests" */ = {
			isa = XCConfigurationList;
			buildConfigurations = (
				905436CC25BCAFC300057930 /* Debug */,
				905436CD25BCAFC300057930 /* Release */,
			);
			defaultConfigurationIsVisible = 0;
			defaultConfigurationName = Release;
		};
/* End XCConfigurationList section */
	};
	rootObject = 9054369325BCAFC100057930 /* Project object */;
}
